// !$*UTF8*$!
{
	archiveVersion = 1;
	classes = {
	};
	objectVersion = 46;
	objects = {

/* Begin PBXBuildFile section */
		143A3841CCBA40D99A37D36E /* libPods.a in Frameworks */ = {isa = PBXBuildFile; fileRef = DD3EDA6CC31C49DBB5606B87 /* libPods.a */; };
		B987A4C71A05D05A0019E704 /* Wallet.m in Sources */ = {isa = PBXBuildFile; fileRef = B987A4C61A05D05A0019E704 /* Wallet.m */; };
		D7738E461A05AADA002685EE /* NotificationManager.m in Sources */ = {isa = PBXBuildFile; fileRef = D7738E451A05AAD9002685EE /* NotificationManager.m */; };
		D7738E521A05ADE9002685EE /* KeyboardViewController.m in Sources */ = {isa = PBXBuildFile; fileRef = D7738E511A05ADE9002685EE /* KeyboardViewController.m */; };
		D7738E551A05ADE9002685EE /* BitcoinKeyboard.appex in Embed App Extensions */ = {isa = PBXBuildFile; fileRef = D7738E4C1A05ADE9002685EE /* BitcoinKeyboard.appex */; settings = {ATTRIBUTES = (RemoveHeadersOnCopy, ); }; };
		D7738E5B1A05B22E002685EE /* KeyboardViewController.xib in Resources */ = {isa = PBXBuildFile; fileRef = D7738E5A1A05B22E002685EE /* KeyboardViewController.xib */; };
		D7738E621A05C3BC002685EE /* UIImage+QRCodes.m in Sources */ = {isa = PBXBuildFile; fileRef = D7738E611A05C3BC002685EE /* UIImage+QRCodes.m */; };
		D7738E651A05C44A002685EE /* UIImage+ResizedImage.m in Sources */ = {isa = PBXBuildFile; fileRef = D7738E641A05C44A002685EE /* UIImage+ResizedImage.m */; };
		D7738E661A05C44A002685EE /* UIImage+ResizedImage.m in Sources */ = {isa = PBXBuildFile; fileRef = D7738E641A05C44A002685EE /* UIImage+ResizedImage.m */; };
		D7738E691A05C5DE002685EE /* NSURL+BitcoinURI.m in Sources */ = {isa = PBXBuildFile; fileRef = D7738E681A05C5DE002685EE /* NSURL+BitcoinURI.m */; };
		D7738E6A1A05C5E5002685EE /* NSURL+BitcoinURI.m in Sources */ = {isa = PBXBuildFile; fileRef = D7738E681A05C5DE002685EE /* NSURL+BitcoinURI.m */; };
		D7738E6C1A05CAF4002685EE /* UIImage+QRCodes.m in Sources */ = {isa = PBXBuildFile; fileRef = D7738E611A05C3BC002685EE /* UIImage+QRCodes.m */; };
		D7738E701A05CF6C002685EE /* Keychain.m in Sources */ = {isa = PBXBuildFile; fileRef = D7738E6F1A05CF6C002685EE /* Keychain.m */; };
		D7738E711A05CF6C002685EE /* Keychain.m in Sources */ = {isa = PBXBuildFile; fileRef = D7738E6F1A05CF6C002685EE /* Keychain.m */; };
		D7738E731A05D391002685EE /* libPods-ZBarSDK.a in Frameworks */ = {isa = PBXBuildFile; fileRef = D7738E721A05D391002685EE /* libPods-ZBarSDK.a */; };
		D7738E751A05D3A5002685EE /* libiconv.dylib in Frameworks */ = {isa = PBXBuildFile; fileRef = D7738E741A05D3A5002685EE /* libiconv.dylib */; };
		D7738E801A05D78F002685EE /* ActionViewController.m in Sources */ = {isa = PBXBuildFile; fileRef = D7738E7F1A05D78F002685EE /* ActionViewController.m */; };
		D7738E821A05D78F002685EE /* MainInterface.storyboard in Resources */ = {isa = PBXBuildFile; fileRef = D7738E811A05D78F002685EE /* MainInterface.storyboard */; };
		D7738E851A05D78F002685EE /* PayBitcoinsExtension.appex in Embed App Extensions */ = {isa = PBXBuildFile; fileRef = D7738E7A1A05D78F002685EE /* PayBitcoinsExtension.appex */; settings = {ATTRIBUTES = (RemoveHeadersOnCopy, ); }; };
		D7738E8A1A05D79D002685EE /* libPods.a in Frameworks */ = {isa = PBXBuildFile; fileRef = D7738E891A05D79D002685EE /* libPods.a */; };
		D7738E8B1A05EDF6002685EE /* NSURL+BitcoinURI.m in Sources */ = {isa = PBXBuildFile; fileRef = D7738E681A05C5DE002685EE /* NSURL+BitcoinURI.m */; };
		D7738E8C1A05EDFD002685EE /* UIImage+QRCodes.m in Sources */ = {isa = PBXBuildFile; fileRef = D7738E611A05C3BC002685EE /* UIImage+QRCodes.m */; };
		D7738E8D1A05EDFF002685EE /* UIImage+ResizedImage.m in Sources */ = {isa = PBXBuildFile; fileRef = D7738E641A05C44A002685EE /* UIImage+ResizedImage.m */; };
		D7738E8F1A05EE6B002685EE /* libPods-ZBarSDK.a in Frameworks */ = {isa = PBXBuildFile; fileRef = D7738E8E1A05EE6B002685EE /* libPods-ZBarSDK.a */; };
		D7738E901A05EE73002685EE /* libiconv.dylib in Frameworks */ = {isa = PBXBuildFile; fileRef = D7738E741A05D3A5002685EE /* libiconv.dylib */; };
		D7738E911A05F147002685EE /* Wallet.m in Sources */ = {isa = PBXBuildFile; fileRef = B987A4C61A05D05A0019E704 /* Wallet.m */; };
		D7738E921A05F152002685EE /* Keychain.m in Sources */ = {isa = PBXBuildFile; fileRef = D7738E6F1A05CF6C002685EE /* Keychain.m */; };
		D7738E941A05F18B002685EE /* libPods-AFNetworking.a in Frameworks */ = {isa = PBXBuildFile; fileRef = D7738E931A05F18B002685EE /* libPods-AFNetworking.a */; };
		D7738E981A05F333002685EE /* PastingImageView.m in Sources */ = {isa = PBXBuildFile; fileRef = D7738E971A05F333002685EE /* PastingImageView.m */; };
		D79833901A05A11300810CE4 /* main.m in Sources */ = {isa = PBXBuildFile; fileRef = D798338F1A05A11300810CE4 /* main.m */; };
		D79833931A05A11300810CE4 /* AppDelegate.m in Sources */ = {isa = PBXBuildFile; fileRef = D79833921A05A11300810CE4 /* AppDelegate.m */; };
		D79833961A05A11300810CE4 /* ViewController.m in Sources */ = {isa = PBXBuildFile; fileRef = D79833951A05A11300810CE4 /* ViewController.m */; };
		D79833991A05A11300810CE4 /* Main.storyboard in Resources */ = {isa = PBXBuildFile; fileRef = D79833971A05A11300810CE4 /* Main.storyboard */; };
		D798339B1A05A11300810CE4 /* Images.xcassets in Resources */ = {isa = PBXBuildFile; fileRef = D798339A1A05A11300810CE4 /* Images.xcassets */; };
		D798339E1A05A11300810CE4 /* LaunchScreen.xib in Resources */ = {isa = PBXBuildFile; fileRef = D798339C1A05A11300810CE4 /* LaunchScreen.xib */; };
/* End PBXBuildFile section */

/* Begin PBXContainerItemProxy section */
		D7738E531A05ADE9002685EE /* PBXContainerItemProxy */ = {
			isa = PBXContainerItemProxy;
			containerPortal = D79833821A05A11300810CE4 /* Project object */;
			proxyType = 1;
			remoteGlobalIDString = D7738E4B1A05ADE9002685EE;
			remoteInfo = BitcoinKeyboard;
		};
		D7738E831A05D78F002685EE /* PBXContainerItemProxy */ = {
			isa = PBXContainerItemProxy;
			containerPortal = D79833821A05A11300810CE4 /* Project object */;
			proxyType = 1;
			remoteGlobalIDString = D7738E791A05D78F002685EE;
			remoteInfo = PayBitcoinsExtension;
		};
/* End PBXContainerItemProxy section */

/* Begin PBXCopyFilesBuildPhase section */
		D7738E591A05ADE9002685EE /* Embed App Extensions */ = {
			isa = PBXCopyFilesBuildPhase;
			buildActionMask = 2147483647;
			dstPath = "";
			dstSubfolderSpec = 13;
			files = (
				D7738E851A05D78F002685EE /* PayBitcoinsExtension.appex in Embed App Extensions */,
				D7738E551A05ADE9002685EE /* BitcoinKeyboard.appex in Embed App Extensions */,
			);
			name = "Embed App Extensions";
			runOnlyForDeploymentPostprocessing = 0;
		};
/* End PBXCopyFilesBuildPhase section */

/* Begin PBXFileReference section */
		B987A4C51A05D05A0019E704 /* Wallet.h */ = {isa = PBXFileReference; fileEncoding = 4; lastKnownFileType = sourcecode.c.h; path = Wallet.h; sourceTree = "<group>"; };
		B987A4C61A05D05A0019E704 /* Wallet.m */ = {isa = PBXFileReference; fileEncoding = 4; lastKnownFileType = sourcecode.c.objc; path = Wallet.m; sourceTree = "<group>"; };
		C09DDCB69FE863F0BFE17A61 /* Pods.release.xcconfig */ = {isa = PBXFileReference; includeInIndex = 1; lastKnownFileType = text.xcconfig; name = Pods.release.xcconfig; path = "Pods/Target Support Files/Pods/Pods.release.xcconfig"; sourceTree = "<group>"; };
		C9021190C8A429D50BA9CF3C /* Pods.debug.xcconfig */ = {isa = PBXFileReference; includeInIndex = 1; lastKnownFileType = text.xcconfig; name = Pods.debug.xcconfig; path = "Pods/Target Support Files/Pods/Pods.debug.xcconfig"; sourceTree = "<group>"; };
		D7738E441A05AAD9002685EE /* NotificationManager.h */ = {isa = PBXFileReference; fileEncoding = 4; lastKnownFileType = sourcecode.c.h; path = NotificationManager.h; sourceTree = "<group>"; };
		D7738E451A05AAD9002685EE /* NotificationManager.m */ = {isa = PBXFileReference; fileEncoding = 4; lastKnownFileType = sourcecode.c.objc; path = NotificationManager.m; sourceTree = "<group>"; };
		D7738E4C1A05ADE9002685EE /* BitcoinKeyboard.appex */ = {isa = PBXFileReference; explicitFileType = "wrapper.app-extension"; includeInIndex = 0; path = BitcoinKeyboard.appex; sourceTree = BUILT_PRODUCTS_DIR; };
		D7738E4F1A05ADE9002685EE /* Info.plist */ = {isa = PBXFileReference; lastKnownFileType = text.plist.xml; path = Info.plist; sourceTree = "<group>"; };
		D7738E501A05ADE9002685EE /* KeyboardViewController.h */ = {isa = PBXFileReference; lastKnownFileType = sourcecode.c.h; path = KeyboardViewController.h; sourceTree = "<group>"; };
		D7738E511A05ADE9002685EE /* KeyboardViewController.m */ = {isa = PBXFileReference; lastKnownFileType = sourcecode.c.objc; path = KeyboardViewController.m; sourceTree = "<group>"; };
		D7738E5A1A05B22E002685EE /* KeyboardViewController.xib */ = {isa = PBXFileReference; fileEncoding = 4; lastKnownFileType = file.xib; path = KeyboardViewController.xib; sourceTree = "<group>"; };
		D7738E601A05C3BC002685EE /* UIImage+QRCodes.h */ = {isa = PBXFileReference; fileEncoding = 4; lastKnownFileType = sourcecode.c.h; path = "UIImage+QRCodes.h"; sourceTree = "<group>"; };
		D7738E611A05C3BC002685EE /* UIImage+QRCodes.m */ = {isa = PBXFileReference; fileEncoding = 4; lastKnownFileType = sourcecode.c.objc; path = "UIImage+QRCodes.m"; sourceTree = "<group>"; };
		D7738E631A05C44A002685EE /* UIImage+ResizedImage.h */ = {isa = PBXFileReference; fileEncoding = 4; lastKnownFileType = sourcecode.c.h; path = "UIImage+ResizedImage.h"; sourceTree = "<group>"; };
		D7738E641A05C44A002685EE /* UIImage+ResizedImage.m */ = {isa = PBXFileReference; fileEncoding = 4; lastKnownFileType = sourcecode.c.objc; path = "UIImage+ResizedImage.m"; sourceTree = "<group>"; };
		D7738E671A05C5DE002685EE /* NSURL+BitcoinURI.h */ = {isa = PBXFileReference; fileEncoding = 4; lastKnownFileType = sourcecode.c.h; path = "NSURL+BitcoinURI.h"; sourceTree = "<group>"; };
		D7738E681A05C5DE002685EE /* NSURL+BitcoinURI.m */ = {isa = PBXFileReference; fileEncoding = 4; lastKnownFileType = sourcecode.c.objc; path = "NSURL+BitcoinURI.m"; sourceTree = "<group>"; };
		D7738E6E1A05CF6C002685EE /* Keychain.h */ = {isa = PBXFileReference; fileEncoding = 4; lastKnownFileType = sourcecode.c.h; path = Keychain.h; sourceTree = "<group>"; };
		D7738E6F1A05CF6C002685EE /* Keychain.m */ = {isa = PBXFileReference; fileEncoding = 4; lastKnownFileType = sourcecode.c.objc; path = Keychain.m; sourceTree = "<group>"; };
		D7738E721A05D391002685EE /* libPods-ZBarSDK.a */ = {isa = PBXFileReference; lastKnownFileType = archive.ar; name = "libPods-ZBarSDK.a"; path = "Pods/build/Debug-iphoneos/libPods-ZBarSDK.a"; sourceTree = "<group>"; };
		D7738E741A05D3A5002685EE /* libiconv.dylib */ = {isa = PBXFileReference; lastKnownFileType = "compiled.mach-o.dylib"; name = libiconv.dylib; path = usr/lib/libiconv.dylib; sourceTree = SDKROOT; };
		D7738E7A1A05D78F002685EE /* PayBitcoinsExtension.appex */ = {isa = PBXFileReference; explicitFileType = "wrapper.app-extension"; includeInIndex = 0; path = PayBitcoinsExtension.appex; sourceTree = BUILT_PRODUCTS_DIR; };
		D7738E7D1A05D78F002685EE /* Info.plist */ = {isa = PBXFileReference; lastKnownFileType = text.plist.xml; path = Info.plist; sourceTree = "<group>"; };
		D7738E7E1A05D78F002685EE /* ActionViewController.h */ = {isa = PBXFileReference; lastKnownFileType = sourcecode.c.h; path = ActionViewController.h; sourceTree = "<group>"; };
		D7738E7F1A05D78F002685EE /* ActionViewController.m */ = {isa = PBXFileReference; lastKnownFileType = sourcecode.c.objc; path = ActionViewController.m; sourceTree = "<group>"; };
		D7738E811A05D78F002685EE /* MainInterface.storyboard */ = {isa = PBXFileReference; lastKnownFileType = file.storyboard; path = MainInterface.storyboard; sourceTree = "<group>"; };
		D7738E891A05D79D002685EE /* libPods.a */ = {isa = PBXFileReference; lastKnownFileType = archive.ar; name = libPods.a; path = "Pods/build/Debug-iphoneos/libPods.a"; sourceTree = "<group>"; };
		D7738E8E1A05EE6B002685EE /* libPods-ZBarSDK.a */ = {isa = PBXFileReference; lastKnownFileType = archive.ar; name = "libPods-ZBarSDK.a"; path = "Pods/build/Debug-iphoneos/libPods-ZBarSDK.a"; sourceTree = "<group>"; };
		D7738E931A05F18B002685EE /* libPods-AFNetworking.a */ = {isa = PBXFileReference; lastKnownFileType = archive.ar; name = "libPods-AFNetworking.a"; path = "Pods/build/Debug-iphoneos/libPods-AFNetworking.a"; sourceTree = "<group>"; };
		D7738E961A05F333002685EE /* PastingImageView.h */ = {isa = PBXFileReference; fileEncoding = 4; lastKnownFileType = sourcecode.c.h; path = PastingImageView.h; sourceTree = "<group>"; };
		D7738E971A05F333002685EE /* PastingImageView.m */ = {isa = PBXFileReference; fileEncoding = 4; lastKnownFileType = sourcecode.c.objc; path = PastingImageView.m; sourceTree = "<group>"; };
		D798338A1A05A11300810CE4 /* Holla Back.app */ = {isa = PBXFileReference; explicitFileType = wrapper.application; includeInIndex = 0; path = "Holla Back.app"; sourceTree = BUILT_PRODUCTS_DIR; };
		D798338E1A05A11300810CE4 /* Info.plist */ = {isa = PBXFileReference; lastKnownFileType = text.plist.xml; path = Info.plist; sourceTree = "<group>"; };
		D798338F1A05A11300810CE4 /* main.m */ = {isa = PBXFileReference; lastKnownFileType = sourcecode.c.objc; path = main.m; sourceTree = "<group>"; };
		D79833911A05A11300810CE4 /* AppDelegate.h */ = {isa = PBXFileReference; lastKnownFileType = sourcecode.c.h; path = AppDelegate.h; sourceTree = "<group>"; };
		D79833921A05A11300810CE4 /* AppDelegate.m */ = {isa = PBXFileReference; lastKnownFileType = sourcecode.c.objc; path = AppDelegate.m; sourceTree = "<group>"; };
		D79833941A05A11300810CE4 /* ViewController.h */ = {isa = PBXFileReference; lastKnownFileType = sourcecode.c.h; path = ViewController.h; sourceTree = "<group>"; };
		D79833951A05A11300810CE4 /* ViewController.m */ = {isa = PBXFileReference; lastKnownFileType = sourcecode.c.objc; path = ViewController.m; sourceTree = "<group>"; };
		D79833981A05A11300810CE4 /* Base */ = {isa = PBXFileReference; lastKnownFileType = file.storyboard; name = Base; path = Base.lproj/Main.storyboard; sourceTree = "<group>"; };
		D798339A1A05A11300810CE4 /* Images.xcassets */ = {isa = PBXFileReference; lastKnownFileType = folder.assetcatalog; path = Images.xcassets; sourceTree = "<group>"; };
		D798339D1A05A11300810CE4 /* Base */ = {isa = PBXFileReference; lastKnownFileType = file.xib; name = Base; path = Base.lproj/LaunchScreen.xib; sourceTree = "<group>"; };
		DD3EDA6CC31C49DBB5606B87 /* libPods.a */ = {isa = PBXFileReference; explicitFileType = archive.ar; includeInIndex = 0; path = libPods.a; sourceTree = BUILT_PRODUCTS_DIR; };
/* End PBXFileReference section */

/* Begin PBXFrameworksBuildPhase section */
		D7738E491A05ADE9002685EE /* Frameworks */ = {
			isa = PBXFrameworksBuildPhase;
			buildActionMask = 2147483647;
			files = (
				D7738E751A05D3A5002685EE /* libiconv.dylib in Frameworks */,
				D7738E731A05D391002685EE /* libPods-ZBarSDK.a in Frameworks */,
			);
			runOnlyForDeploymentPostprocessing = 0;
		};
		D7738E771A05D78F002685EE /* Frameworks */ = {
			isa = PBXFrameworksBuildPhase;
			buildActionMask = 2147483647;
			files = (
				D7738E941A05F18B002685EE /* libPods-AFNetworking.a in Frameworks */,
				D7738E901A05EE73002685EE /* libiconv.dylib in Frameworks */,
				D7738E8F1A05EE6B002685EE /* libPods-ZBarSDK.a in Frameworks */,
				D7738E8A1A05D79D002685EE /* libPods.a in Frameworks */,
			);
			runOnlyForDeploymentPostprocessing = 0;
		};
		D79833871A05A11300810CE4 /* Frameworks */ = {
			isa = PBXFrameworksBuildPhase;
			buildActionMask = 2147483647;
			files = (
				143A3841CCBA40D99A37D36E /* libPods.a in Frameworks */,
			);
			runOnlyForDeploymentPostprocessing = 0;
		};
/* End PBXFrameworksBuildPhase section */

/* Begin PBXGroup section */
		4592ECD26813050EA62FD8BF /* Pods */ = {
			isa = PBXGroup;
			children = (
				C9021190C8A429D50BA9CF3C /* Pods.debug.xcconfig */,
				C09DDCB69FE863F0BFE17A61 /* Pods.release.xcconfig */,
			);
			name = Pods;
			sourceTree = "<group>";
		};
		48EEA368738F408A98F43BDA /* Frameworks */ = {
			isa = PBXGroup;
			children = (
				D7738E931A05F18B002685EE /* libPods-AFNetworking.a */,
				D7738E8E1A05EE6B002685EE /* libPods-ZBarSDK.a */,
				D7738E891A05D79D002685EE /* libPods.a */,
				D7738E741A05D3A5002685EE /* libiconv.dylib */,
				D7738E721A05D391002685EE /* libPods-ZBarSDK.a */,
				DD3EDA6CC31C49DBB5606B87 /* libPods.a */,
			);
			name = Frameworks;
			sourceTree = "<group>";
		};
		D7738E4D1A05ADE9002685EE /* BitcoinKeyboard */ = {
			isa = PBXGroup;
			children = (
				D7738E501A05ADE9002685EE /* KeyboardViewController.h */,
				D7738E511A05ADE9002685EE /* KeyboardViewController.m */,
				D7738E5A1A05B22E002685EE /* KeyboardViewController.xib */,
				D7738E4E1A05ADE9002685EE /* Supporting Files */,
			);
			path = BitcoinKeyboard;
			sourceTree = "<group>";
		};
		D7738E4E1A05ADE9002685EE /* Supporting Files */ = {
			isa = PBXGroup;
			children = (
				D7738E4F1A05ADE9002685EE /* Info.plist */,
			);
			name = "Supporting Files";
			sourceTree = "<group>";
		};
		D7738E5C1A05C340002685EE /* QRCodes */ = {
			isa = PBXGroup;
			children = (
				D7738E601A05C3BC002685EE /* UIImage+QRCodes.h */,
				D7738E611A05C3BC002685EE /* UIImage+QRCodes.m */,
				D7738E631A05C44A002685EE /* UIImage+ResizedImage.h */,
				D7738E641A05C44A002685EE /* UIImage+ResizedImage.m */,
			);
			path = QRCodes;
			sourceTree = "<group>";
		};
		D7738E7B1A05D78F002685EE /* PayBitcoinsExtension */ = {
			isa = PBXGroup;
			children = (
				D7738E7E1A05D78F002685EE /* ActionViewController.h */,
				D7738E7F1A05D78F002685EE /* ActionViewController.m */,
				D7738E811A05D78F002685EE /* MainInterface.storyboard */,
				D7738E7C1A05D78F002685EE /* Supporting Files */,
			);
			path = PayBitcoinsExtension;
			sourceTree = "<group>";
		};
		D7738E7C1A05D78F002685EE /* Supporting Files */ = {
			isa = PBXGroup;
			children = (
				D7738E7D1A05D78F002685EE /* Info.plist */,
			);
			name = "Supporting Files";
			sourceTree = "<group>";
		};
		D79833811A05A11300810CE4 = {
			isa = PBXGroup;
			children = (
				D798338C1A05A11300810CE4 /* Holla Back */,
				D7738E4D1A05ADE9002685EE /* BitcoinKeyboard */,
				D7738E7B1A05D78F002685EE /* PayBitcoinsExtension */,
				D798338B1A05A11300810CE4 /* Products */,
				48EEA368738F408A98F43BDA /* Frameworks */,
				4592ECD26813050EA62FD8BF /* Pods */,
			);
			sourceTree = "<group>";
		};
		D798338B1A05A11300810CE4 /* Products */ = {
			isa = PBXGroup;
			children = (
				D798338A1A05A11300810CE4 /* Holla Back.app */,
				D7738E4C1A05ADE9002685EE /* BitcoinKeyboard.appex */,
				D7738E7A1A05D78F002685EE /* PayBitcoinsExtension.appex */,
			);
			name = Products;
			sourceTree = "<group>";
		};
		D798338C1A05A11300810CE4 /* Holla Back */ = {
			isa = PBXGroup;
			children = (
				B987A4C51A05D05A0019E704 /* Wallet.h */,
				B987A4C61A05D05A0019E704 /* Wallet.m */,
				D79833911A05A11300810CE4 /* AppDelegate.h */,
				D79833921A05A11300810CE4 /* AppDelegate.m */,
				D7738E6E1A05CF6C002685EE /* Keychain.h */,
				D7738E6F1A05CF6C002685EE /* Keychain.m */,
				D79833941A05A11300810CE4 /* ViewController.h */,
				D79833951A05A11300810CE4 /* ViewController.m */,
				D7738E961A05F333002685EE /* PastingImageView.h */,
				D7738E971A05F333002685EE /* PastingImageView.m */,
				D7738E441A05AAD9002685EE /* NotificationManager.h */,
				D7738E451A05AAD9002685EE /* NotificationManager.m */,
				D7738E671A05C5DE002685EE /* NSURL+BitcoinURI.h */,
				D7738E681A05C5DE002685EE /* NSURL+BitcoinURI.m */,
				D79833971A05A11300810CE4 /* Main.storyboard */,
				D798339A1A05A11300810CE4 /* Images.xcassets */,
				D798339C1A05A11300810CE4 /* LaunchScreen.xib */,
				D7738E5C1A05C340002685EE /* QRCodes */,
				D798338D1A05A11300810CE4 /* Supporting Files */,
			);
			path = "Holla Back";
			sourceTree = "<group>";
		};
		D798338D1A05A11300810CE4 /* Supporting Files */ = {
			isa = PBXGroup;
			children = (
				D798338E1A05A11300810CE4 /* Info.plist */,
				D798338F1A05A11300810CE4 /* main.m */,
			);
			name = "Supporting Files";
			sourceTree = "<group>";
		};
/* End PBXGroup section */

/* Begin PBXNativeTarget section */
		D7738E4B1A05ADE9002685EE /* BitcoinKeyboard */ = {
			isa = PBXNativeTarget;
			buildConfigurationList = D7738E561A05ADE9002685EE /* Build configuration list for PBXNativeTarget "BitcoinKeyboard" */;
			buildPhases = (
				D7738E481A05ADE9002685EE /* Sources */,
				D7738E491A05ADE9002685EE /* Frameworks */,
				D7738E4A1A05ADE9002685EE /* Resources */,
			);
			buildRules = (
			);
			dependencies = (
			);
			name = BitcoinKeyboard;
			productName = BitcoinKeyboard;
			productReference = D7738E4C1A05ADE9002685EE /* BitcoinKeyboard.appex */;
			productType = "com.apple.product-type.app-extension";
		};
		D7738E791A05D78F002685EE /* PayBitcoinsExtension */ = {
			isa = PBXNativeTarget;
			buildConfigurationList = D7738E881A05D78F002685EE /* Build configuration list for PBXNativeTarget "PayBitcoinsExtension" */;
			buildPhases = (
				D7738E761A05D78F002685EE /* Sources */,
				D7738E771A05D78F002685EE /* Frameworks */,
				D7738E781A05D78F002685EE /* Resources */,
			);
			buildRules = (
			);
			dependencies = (
			);
			name = PayBitcoinsExtension;
			productName = PayBitcoinsExtension;
			productReference = D7738E7A1A05D78F002685EE /* PayBitcoinsExtension.appex */;
			productType = "com.apple.product-type.app-extension";
		};
		D79833891A05A11300810CE4 /* Holla Back */ = {
			isa = PBXNativeTarget;
			buildConfigurationList = D79833AD1A05A11300810CE4 /* Build configuration list for PBXNativeTarget "Holla Back" */;
			buildPhases = (
				B1F3A122311B425684B00DD4 /* Check Pods Manifest.lock */,
				D79833861A05A11300810CE4 /* Sources */,
				D79833871A05A11300810CE4 /* Frameworks */,
				D79833881A05A11300810CE4 /* Resources */,
				A6D584A4B11944E7B32E23A3 /* Copy Pods Resources */,
				D7738E591A05ADE9002685EE /* Embed App Extensions */,
			);
			buildRules = (
			);
			dependencies = (
				D7738E541A05ADE9002685EE /* PBXTargetDependency */,
				D7738E841A05D78F002685EE /* PBXTargetDependency */,
			);
			name = "Holla Back";
			productName = "Holla Back";
			productReference = D798338A1A05A11300810CE4 /* Holla Back.app */;
			productType = "com.apple.product-type.application";
		};
/* End PBXNativeTarget section */

/* Begin PBXProject section */
		D79833821A05A11300810CE4 /* Project object */ = {
			isa = PBXProject;
			attributes = {
				LastUpgradeCheck = 0610;
				ORGANIZATIONNAME = "Only The Best";
				TargetAttributes = {
					D7738E4B1A05ADE9002685EE = {
						CreatedOnToolsVersion = 6.1;
					};
					D7738E791A05D78F002685EE = {
						CreatedOnToolsVersion = 6.1;
					};
					D79833891A05A11300810CE4 = {
						CreatedOnToolsVersion = 6.1;
						SystemCapabilities = {
							com.apple.BackgroundModes = {
								enabled = 1;
							};
						};
					};
				};
			};
			buildConfigurationList = D79833851A05A11300810CE4 /* Build configuration list for PBXProject "Holla Back" */;
			compatibilityVersion = "Xcode 3.2";
			developmentRegion = English;
			hasScannedForEncodings = 0;
			knownRegions = (
				en,
				Base,
			);
			mainGroup = D79833811A05A11300810CE4;
			productRefGroup = D798338B1A05A11300810CE4 /* Products */;
			projectDirPath = "";
			projectRoot = "";
			targets = (
				D79833891A05A11300810CE4 /* Holla Back */,
				D7738E4B1A05ADE9002685EE /* BitcoinKeyboard */,
				D7738E791A05D78F002685EE /* PayBitcoinsExtension */,
			);
		};
/* End PBXProject section */

/* Begin PBXResourcesBuildPhase section */
		D7738E4A1A05ADE9002685EE /* Resources */ = {
			isa = PBXResourcesBuildPhase;
			buildActionMask = 2147483647;
			files = (
				D7738E5B1A05B22E002685EE /* KeyboardViewController.xib in Resources */,
			);
			runOnlyForDeploymentPostprocessing = 0;
		};
		D7738E781A05D78F002685EE /* Resources */ = {
			isa = PBXResourcesBuildPhase;
			buildActionMask = 2147483647;
			files = (
				D7738E821A05D78F002685EE /* MainInterface.storyboard in Resources */,
			);
			runOnlyForDeploymentPostprocessing = 0;
		};
		D79833881A05A11300810CE4 /* Resources */ = {
			isa = PBXResourcesBuildPhase;
			buildActionMask = 2147483647;
			files = (
				D79833991A05A11300810CE4 /* Main.storyboard in Resources */,
				D798339E1A05A11300810CE4 /* LaunchScreen.xib in Resources */,
				D798339B1A05A11300810CE4 /* Images.xcassets in Resources */,
			);
			runOnlyForDeploymentPostprocessing = 0;
		};
/* End PBXResourcesBuildPhase section */

/* Begin PBXShellScriptBuildPhase section */
		A6D584A4B11944E7B32E23A3 /* Copy Pods Resources */ = {
			isa = PBXShellScriptBuildPhase;
			buildActionMask = 2147483647;
			files = (
			);
			inputPaths = (
			);
			name = "Copy Pods Resources";
			outputPaths = (
			);
			runOnlyForDeploymentPostprocessing = 0;
			shellPath = /bin/sh;
			shellScript = "\"${SRCROOT}/Pods/Target Support Files/Pods/Pods-resources.sh\"\n";
			showEnvVarsInLog = 0;
		};
		B1F3A122311B425684B00DD4 /* Check Pods Manifest.lock */ = {
			isa = PBXShellScriptBuildPhase;
			buildActionMask = 2147483647;
			files = (
			);
			inputPaths = (
			);
			name = "Check Pods Manifest.lock";
			outputPaths = (
			);
			runOnlyForDeploymentPostprocessing = 0;
			shellPath = /bin/sh;
			shellScript = "diff \"${PODS_ROOT}/../Podfile.lock\" \"${PODS_ROOT}/Manifest.lock\" > /dev/null\nif [[ $? != 0 ]] ; then\n    cat << EOM\nerror: The sandbox is not in sync with the Podfile.lock. Run 'pod install' or update your CocoaPods installation.\nEOM\n    exit 1\nfi\n";
			showEnvVarsInLog = 0;
		};
/* End PBXShellScriptBuildPhase section */

/* Begin PBXSourcesBuildPhase section */
		D7738E481A05ADE9002685EE /* Sources */ = {
			isa = PBXSourcesBuildPhase;
			buildActionMask = 2147483647;
			files = (
				D7738E6A1A05C5E5002685EE /* NSURL+BitcoinURI.m in Sources */,
				D7738E661A05C44A002685EE /* UIImage+ResizedImage.m in Sources */,
				D7738E521A05ADE9002685EE /* KeyboardViewController.m in Sources */,
				D7738E621A05C3BC002685EE /* UIImage+QRCodes.m in Sources */,
				D7738E711A05CF6C002685EE /* Keychain.m in Sources */,
			);
			runOnlyForDeploymentPostprocessing = 0;
		};
		D7738E761A05D78F002685EE /* Sources */ = {
			isa = PBXSourcesBuildPhase;
			buildActionMask = 2147483647;
			files = (
				D7738E911A05F147002685EE /* Wallet.m in Sources */,
				D7738E8C1A05EDFD002685EE /* UIImage+QRCodes.m in Sources */,
				D7738E8B1A05EDF6002685EE /* NSURL+BitcoinURI.m in Sources */,
				D7738E921A05F152002685EE /* Keychain.m in Sources */,
				D7738E8D1A05EDFF002685EE /* UIImage+ResizedImage.m in Sources */,
				D7738E801A05D78F002685EE /* ActionViewController.m in Sources */,
			);
			runOnlyForDeploymentPostprocessing = 0;
		};
		D79833861A05A11300810CE4 /* Sources */ = {
			isa = PBXSourcesBuildPhase;
			buildActionMask = 2147483647;
			files = (
				D7738E651A05C44A002685EE /* UIImage+ResizedImage.m in Sources */,
				D7738E6C1A05CAF4002685EE /* UIImage+QRCodes.m in Sources */,
				D7738E701A05CF6C002685EE /* Keychain.m in Sources */,
				D7738E981A05F333002685EE /* PastingImageView.m in Sources */,
				D79833961A05A11300810CE4 /* ViewController.m in Sources */,
				D79833931A05A11300810CE4 /* AppDelegate.m in Sources */,
				B987A4C71A05D05A0019E704 /* Wallet.m in Sources */,
				D7738E691A05C5DE002685EE /* NSURL+BitcoinURI.m in Sources */,
				D7738E461A05AADA002685EE /* NotificationManager.m in Sources */,
				D79833901A05A11300810CE4 /* main.m in Sources */,
			);
			runOnlyForDeploymentPostprocessing = 0;
		};
/* End PBXSourcesBuildPhase section */

/* Begin PBXTargetDependency section */
		D7738E541A05ADE9002685EE /* PBXTargetDependency */ = {
			isa = PBXTargetDependency;
			target = D7738E4B1A05ADE9002685EE /* BitcoinKeyboard */;
			targetProxy = D7738E531A05ADE9002685EE /* PBXContainerItemProxy */;
		};
		D7738E841A05D78F002685EE /* PBXTargetDependency */ = {
			isa = PBXTargetDependency;
			target = D7738E791A05D78F002685EE /* PayBitcoinsExtension */;
			targetProxy = D7738E831A05D78F002685EE /* PBXContainerItemProxy */;
		};
/* End PBXTargetDependency section */

/* Begin PBXVariantGroup section */
		D79833971A05A11300810CE4 /* Main.storyboard */ = {
			isa = PBXVariantGroup;
			children = (
				D79833981A05A11300810CE4 /* Base */,
			);
			name = Main.storyboard;
			sourceTree = "<group>";
		};
		D798339C1A05A11300810CE4 /* LaunchScreen.xib */ = {
			isa = PBXVariantGroup;
			children = (
				D798339D1A05A11300810CE4 /* Base */,
			);
			name = LaunchScreen.xib;
			sourceTree = "<group>";
		};
/* End PBXVariantGroup section */

/* Begin XCBuildConfiguration section */
		D7738E571A05ADE9002685EE /* Debug */ = {
			isa = XCBuildConfiguration;
			buildSettings = {
				GCC_PREPROCESSOR_DEFINITIONS = (
					"DEBUG=1",
					"$(inherited)",
				);
				HEADER_SEARCH_PATHS = (
					"$(inherited)",
					/Applications/Xcode.app/Contents/Developer/Toolchains/XcodeDefault.xctoolchain/usr/include,
					"\"${PODS_ROOT}/Headers/Public/ZBarSDK\"",
				);
				INFOPLIST_FILE = BitcoinKeyboard/Info.plist;
				LD_RUNPATH_SEARCH_PATHS = "$(inherited) @executable_path/Frameworks @executable_path/../../Frameworks";
				LIBRARY_SEARCH_PATHS = (
					"$(inherited)",
					"$(PROJECT_DIR)/Pods/build/Debug-iphoneos",
				);
				PODS_ROOT = "${SRCROOT}/Pods";
				PRODUCT_NAME = "$(TARGET_NAME)";
				SKIP_INSTALL = YES;
			};
			name = Debug;
		};
		D7738E581A05ADE9002685EE /* Release */ = {
			isa = XCBuildConfiguration;
			buildSettings = {
				HEADER_SEARCH_PATHS = (
					"$(inherited)",
					/Applications/Xcode.app/Contents/Developer/Toolchains/XcodeDefault.xctoolchain/usr/include,
					"\"${PODS_ROOT}/Headers/Public/ZBarSDK\"",
				);
				INFOPLIST_FILE = BitcoinKeyboard/Info.plist;
				LD_RUNPATH_SEARCH_PATHS = "$(inherited) @executable_path/Frameworks @executable_path/../../Frameworks";
				LIBRARY_SEARCH_PATHS = (
					"$(inherited)",
					"$(PROJECT_DIR)/Pods/build/Debug-iphoneos",
				);
				PODS_ROOT = "${SRCROOT}/Pods";
				PRODUCT_NAME = "$(TARGET_NAME)";
				SKIP_INSTALL = YES;
			};
			name = Release;
		};
		D7738E861A05D78F002685EE /* Debug */ = {
			isa = XCBuildConfiguration;
			buildSettings = {
				GCC_PREPROCESSOR_DEFINITIONS = (
					"DEBUG=1",
					"$(inherited)",
				);
				HEADER_SEARCH_PATHS = (
					"$(inherited)",
					/Applications/Xcode.app/Contents/Developer/Toolchains/XcodeDefault.xctoolchain/usr/include,
					"\"${PODS_ROOT}/Headers/Public/ZBarSDK\"",
					"\"${PODS_ROOT}/Headers/Public/AFNetworking\"",
				);
				INFOPLIST_FILE = PayBitcoinsExtension/Info.plist;
				LD_RUNPATH_SEARCH_PATHS = "$(inherited) @executable_path/Frameworks @executable_path/../../Frameworks";
				LIBRARY_SEARCH_PATHS = (
					"$(inherited)",
					"$(PROJECT_DIR)/Pods/build/Debug-iphoneos",
				);
				PODS_ROOT = "${SRCROOT}/Pods";
				PRODUCT_NAME = "$(TARGET_NAME)";
				SKIP_INSTALL = YES;
			};
			name = Debug;
		};
		D7738E871A05D78F002685EE /* Release */ = {
			isa = XCBuildConfiguration;
			buildSettings = {
				HEADER_SEARCH_PATHS = (
					"$(inherited)",
					/Applications/Xcode.app/Contents/Developer/Toolchains/XcodeDefault.xctoolchain/usr/include,
					"\"${PODS_ROOT}/Headers/Public/ZBarSDK\"",
					"\"${PODS_ROOT}/Headers/Public/AFNetworking\"",
				);
				INFOPLIST_FILE = PayBitcoinsExtension/Info.plist;
				LD_RUNPATH_SEARCH_PATHS = "$(inherited) @executable_path/Frameworks @executable_path/../../Frameworks";
				LIBRARY_SEARCH_PATHS = (
					"$(inherited)",
					"$(PROJECT_DIR)/Pods/build/Debug-iphoneos",
				);
				PODS_ROOT = "${SRCROOT}/Pods";
				PRODUCT_NAME = "$(TARGET_NAME)";
				SKIP_INSTALL = YES;
			};
			name = Release;
		};
		D79833AB1A05A11300810CE4 /* Debug */ = {
			isa = XCBuildConfiguration;
			buildSettings = {
				ALWAYS_SEARCH_USER_PATHS = NO;
				CLANG_CXX_LANGUAGE_STANDARD = "gnu++0x";
				CLANG_CXX_LIBRARY = "libc++";
				CLANG_ENABLE_MODULES = YES;
				CLANG_ENABLE_OBJC_ARC = YES;
				CLANG_WARN_BOOL_CONVERSION = YES;
				CLANG_WARN_CONSTANT_CONVERSION = YES;
				CLANG_WARN_DIRECT_OBJC_ISA_USAGE = YES_ERROR;
				CLANG_WARN_EMPTY_BODY = YES;
				CLANG_WARN_ENUM_CONVERSION = YES;
				CLANG_WARN_INT_CONVERSION = YES;
				CLANG_WARN_OBJC_ROOT_CLASS = YES_ERROR;
				CLANG_WARN_UNREACHABLE_CODE = YES;
				CLANG_WARN__DUPLICATE_METHOD_MATCH = YES;
				"CODE_SIGN_IDENTITY[sdk=iphoneos*]" = "iPhone Developer";
				COPY_PHASE_STRIP = NO;
				ENABLE_STRICT_OBJC_MSGSEND = YES;
				GCC_C_LANGUAGE_STANDARD = gnu99;
				GCC_DYNAMIC_NO_PIC = NO;
				GCC_OPTIMIZATION_LEVEL = 0;
				GCC_PREPROCESSOR_DEFINITIONS = (
					"DEBUG=1",
					"$(inherited)",
				);
				GCC_SYMBOLS_PRIVATE_EXTERN = NO;
				GCC_WARN_64_TO_32_BIT_CONVERSION = YES;
				GCC_WARN_ABOUT_RETURN_TYPE = YES_ERROR;
				GCC_WARN_UNDECLARED_SELECTOR = YES;
				GCC_WARN_UNINITIALIZED_AUTOS = YES_AGGRESSIVE;
				GCC_WARN_UNUSED_FUNCTION = YES;
				GCC_WARN_UNUSED_VARIABLE = YES;
				IPHONEOS_DEPLOYMENT_TARGET = 8.1;
				MTL_ENABLE_DEBUG_INFO = YES;
				ONLY_ACTIVE_ARCH = YES;
				SDKROOT = iphoneos;
			};
			name = Debug;
		};
		D79833AC1A05A11300810CE4 /* Release */ = {
			isa = XCBuildConfiguration;
			buildSettings = {
				ALWAYS_SEARCH_USER_PATHS = NO;
				CLANG_CXX_LANGUAGE_STANDARD = "gnu++0x";
				CLANG_CXX_LIBRARY = "libc++";
				CLANG_ENABLE_MODULES = YES;
				CLANG_ENABLE_OBJC_ARC = YES;
				CLANG_WARN_BOOL_CONVERSION = YES;
				CLANG_WARN_CONSTANT_CONVERSION = YES;
				CLANG_WARN_DIRECT_OBJC_ISA_USAGE = YES_ERROR;
				CLANG_WARN_EMPTY_BODY = YES;
				CLANG_WARN_ENUM_CONVERSION = YES;
				CLANG_WARN_INT_CONVERSION = YES;
				CLANG_WARN_OBJC_ROOT_CLASS = YES_ERROR;
				CLANG_WARN_UNREACHABLE_CODE = YES;
				CLANG_WARN__DUPLICATE_METHOD_MATCH = YES;
				"CODE_SIGN_IDENTITY[sdk=iphoneos*]" = "iPhone Developer";
				COPY_PHASE_STRIP = YES;
				ENABLE_NS_ASSERTIONS = NO;
				ENABLE_STRICT_OBJC_MSGSEND = YES;
				GCC_C_LANGUAGE_STANDARD = gnu99;
				GCC_WARN_64_TO_32_BIT_CONVERSION = YES;
				GCC_WARN_ABOUT_RETURN_TYPE = YES_ERROR;
				GCC_WARN_UNDECLARED_SELECTOR = YES;
				GCC_WARN_UNINITIALIZED_AUTOS = YES_AGGRESSIVE;
				GCC_WARN_UNUSED_FUNCTION = YES;
				GCC_WARN_UNUSED_VARIABLE = YES;
				IPHONEOS_DEPLOYMENT_TARGET = 8.1;
				MTL_ENABLE_DEBUG_INFO = NO;
				SDKROOT = iphoneos;
				VALIDATE_PRODUCT = YES;
			};
			name = Release;
		};
		D79833AE1A05A11300810CE4 /* Debug */ = {
			isa = XCBuildConfiguration;
			baseConfigurationReference = C9021190C8A429D50BA9CF3C /* Pods.debug.xcconfig */;
			buildSettings = {
				ASSETCATALOG_COMPILER_APPICON_NAME = AppIcon;
				INFOPLIST_FILE = "Holla Back/Info.plist";
				LD_RUNPATH_SEARCH_PATHS = "$(inherited) @executable_path/Frameworks";
				PRODUCT_NAME = "$(TARGET_NAME)";
				TARGETED_DEVICE_FAMILY = "1,2";
			};
			name = Debug;
		};
		D79833AF1A05A11300810CE4 /* Release */ = {
			isa = XCBuildConfiguration;
			baseConfigurationReference = C09DDCB69FE863F0BFE17A61 /* Pods.release.xcconfig */;
			buildSettings = {
				ASSETCATALOG_COMPILER_APPICON_NAME = AppIcon;
				INFOPLIST_FILE = "Holla Back/Info.plist";
				LD_RUNPATH_SEARCH_PATHS = "$(inherited) @executable_path/Frameworks";
				PRODUCT_NAME = "$(TARGET_NAME)";
				TARGETED_DEVICE_FAMILY = "1,2";
			};
			name = Release;
		};
/* End XCBuildConfiguration section */

/* Begin XCConfigurationList section */
		D7738E561A05ADE9002685EE /* Build configuration list for PBXNativeTarget "BitcoinKeyboard" */ = {
			isa = XCConfigurationList;
			buildConfigurations = (
				D7738E571A05ADE9002685EE /* Debug */,
				D7738E581A05ADE9002685EE /* Release */,
			);
			defaultConfigurationIsVisible = 0;
			defaultConfigurationName = Release;
		};
		D7738E881A05D78F002685EE /* Build configuration list for PBXNativeTarget "PayBitcoinsExtension" */ = {
			isa = XCConfigurationList;
			buildConfigurations = (
				D7738E861A05D78F002685EE /* Debug */,
				D7738E871A05D78F002685EE /* Release */,
			);
			defaultConfigurationIsVisible = 0;
		};
		D79833851A05A11300810CE4 /* Build configuration list for PBXProject "Holla Back" */ = {
			isa = XCConfigurationList;
			buildConfigurations = (
				D79833AB1A05A11300810CE4 /* Debug */,
				D79833AC1A05A11300810CE4 /* Release */,
			);
			defaultConfigurationIsVisible = 0;
			defaultConfigurationName = Release;
		};
		D79833AD1A05A11300810CE4 /* Build configuration list for PBXNativeTarget "Holla Back" */ = {
			isa = XCConfigurationList;
			buildConfigurations = (
				D79833AE1A05A11300810CE4 /* Debug */,
				D79833AF1A05A11300810CE4 /* Release */,
			);
			defaultConfigurationIsVisible = 0;
			defaultConfigurationName = Release;
		};
/* End XCConfigurationList section */
	};
	rootObject = D79833821A05A11300810CE4 /* Project object */;
}
